// !$*UTF8*$!
{
	archiveVersion = 1;
	classes = {
	};
	objectVersion = 46;
	objects = {

/* Begin PBXBuildFile section */
		3391A7CA1ABE02C900EDCF65 /* LabledButton.swift in Sources */ = {isa = PBXBuildFile; fileRef = 3391A7C91ABE02C900EDCF65 /* LabledButton.swift */; };
		3391A7D01ABE035D00EDCF65 /* RichView.swift in Sources */ = {isa = PBXBuildFile; fileRef = 3391A7CF1ABE035C00EDCF65 /* RichView.swift */; };
		3391A8061ABE0EE500EDCF65 /* HomeSetupViewController.swift in Sources */ = {isa = PBXBuildFile; fileRef = 3391A8051ABE0EE500EDCF65 /* HomeSetupViewController.swift */; };
		3391A8081ABE13E600EDCF65 /* CompanyCollectionViewCell.swift in Sources */ = {isa = PBXBuildFile; fileRef = 3391A8071ABE13E600EDCF65 /* CompanyCollectionViewCell.swift */; };
		3391A80A1ABE178500EDCF65 /* WorkPickerCollectionViewController.swift in Sources */ = {isa = PBXBuildFile; fileRef = 3391A8091ABE178500EDCF65 /* WorkPickerCollectionViewController.swift */; };
		3391A8101ABE1E2D00EDCF65 /* LobbyViewController.swift in Sources */ = {isa = PBXBuildFile; fileRef = 3391A80F1ABE1E2D00EDCF65 /* LobbyViewController.swift */; };
		3391A8141ABE1E4F00EDCF65 /* DrivingViewController.swift in Sources */ = {isa = PBXBuildFile; fileRef = 3391A8131ABE1E4F00EDCF65 /* DrivingViewController.swift */; };
		3391A8161ABE323100EDCF65 /* Accounts.framework in Frameworks */ = {isa = PBXBuildFile; fileRef = 3391A8151ABE323100EDCF65 /* Accounts.framework */; };
		3391A8181ABE323700EDCF65 /* Social.framework in Frameworks */ = {isa = PBXBuildFile; fileRef = 3391A8171ABE323700EDCF65 /* Social.framework */; };
		3391A81A1ABE4A7900EDCF65 /* RegisterDriveViewController.swift in Sources */ = {isa = PBXBuildFile; fileRef = 3391A8191ABE4A7900EDCF65 /* RegisterDriveViewController.swift */; };
		3391A81C1ABE7AE800EDCF65 /* UserLocation.swift in Sources */ = {isa = PBXBuildFile; fileRef = 3391A81B1ABE7AE800EDCF65 /* UserLocation.swift */; };
		3391A81E1ABE966700EDCF65 /* ViewRideViewController.swift in Sources */ = {isa = PBXBuildFile; fileRef = 3391A81D1ABE966700EDCF65 /* ViewRideViewController.swift */; };
		3391A8201ABEA8B400EDCF65 /* SignupViewController.swift in Sources */ = {isa = PBXBuildFile; fileRef = 3391A81F1ABEA8B400EDCF65 /* SignupViewController.swift */; };
		3391A8221ABEF29700EDCF65 /* BorderedTextField.swift in Sources */ = {isa = PBXBuildFile; fileRef = 3391A8211ABEF29700EDCF65 /* BorderedTextField.swift */; };
		3391A8241ABEF9AE00EDCF65 /* SlugNavigationController.swift in Sources */ = {isa = PBXBuildFile; fileRef = 3391A8231ABEF9AE00EDCF65 /* SlugNavigationController.swift */; };
		33FD8FF11ABDFF4F004D5D5A /* HomeWorkSetupViewController.swift in Sources */ = {isa = PBXBuildFile; fileRef = 33FD8FF01ABDFF4F004D5D5A /* HomeWorkSetupViewController.swift */; };
		3F0FC9621ABEA2BD00E12453 /* RideWIthDriverTests.swift in Sources */ = {isa = PBXBuildFile; fileRef = 3F0FC9611ABEA2BD00E12453 /* RideWIthDriverTests.swift */; };
		3F3A73C81ABE15B800C73F6D /* AudioToolbox.framework in Frameworks */ = {isa = PBXBuildFile; fileRef = 3F808CF11ABE021F000CB5F2 /* AudioToolbox.framework */; };
		3F3A73C91ABE15BF00C73F6D /* CFNetwork.framework in Frameworks */ = {isa = PBXBuildFile; fileRef = 3F808CF31ABE0225000CB5F2 /* CFNetwork.framework */; };
		3F3A73CA1ABE15C400C73F6D /* CoreGraphics.framework in Frameworks */ = {isa = PBXBuildFile; fileRef = 3F808CF51ABE022A000CB5F2 /* CoreGraphics.framework */; };
		3F3A73CB1ABE15CA00C73F6D /* CoreLocation.framework in Frameworks */ = {isa = PBXBuildFile; fileRef = 3F808CF71ABE0232000CB5F2 /* CoreLocation.framework */; };
		3F3A73CC1ABE15D000C73F6D /* MobileCoreServices.framework in Frameworks */ = {isa = PBXBuildFile; fileRef = 3F808CFB1ABE023F000CB5F2 /* MobileCoreServices.framework */; };
		3F3A73CD1ABE15D400C73F6D /* QuartzCore.framework in Frameworks */ = {isa = PBXBuildFile; fileRef = 3F808CFD1ABE0244000CB5F2 /* QuartzCore.framework */; };
		3F3A73CE1ABE15D900C73F6D /* Security.framework in Frameworks */ = {isa = PBXBuildFile; fileRef = 3F808CFF1ABE0248000CB5F2 /* Security.framework */; };
		3F3A73CF1ABE15DE00C73F6D /* StoreKit.framework in Frameworks */ = {isa = PBXBuildFile; fileRef = 3F808D011ABE024D000CB5F2 /* StoreKit.framework */; };
		3F3A73D01ABE15E600C73F6D /* SystemConfiguration.framework in Frameworks */ = {isa = PBXBuildFile; fileRef = 3F808D031ABE0257000CB5F2 /* SystemConfiguration.framework */; };
		3F3A73D11ABE15EB00C73F6D /* libz.dylib in Frameworks */ = {isa = PBXBuildFile; fileRef = 3F808CF91ABE023A000CB5F2 /* libz.dylib */; };
		3F3A73D21ABE15F200C73F6D /* libsqlite3.dylib in Frameworks */ = {isa = PBXBuildFile; fileRef = 3F808D051ABE025E000CB5F2 /* libsqlite3.dylib */; };
		3F3A73D31ABE160500C73F6D /* Bolts.framework in Frameworks */ = {isa = PBXBuildFile; fileRef = 3F808CE91ABDFF52000CB5F2 /* Bolts.framework */; };
		3F3A73D41ABE160500C73F6D /* Parse.framework in Frameworks */ = {isa = PBXBuildFile; fileRef = 3F808CEA1ABDFF52000CB5F2 /* Parse.framework */; };
		3F3A73D51ABE160500C73F6D /* ParseUI.framework in Frameworks */ = {isa = PBXBuildFile; fileRef = 3F808CED1ABDFF52000CB5F2 /* ParseUI.framework */; };
		3F3A73D81ABE28C700C73F6D /* utils.swift in Sources */ = {isa = PBXBuildFile; fileRef = 3F3A73D71ABE28C700C73F6D /* utils.swift */; };
		3F3A73D91ABE296700C73F6D /* utils.swift in Sources */ = {isa = PBXBuildFile; fileRef = 3F3A73D71ABE28C700C73F6D /* utils.swift */; };
		3F3A73DE1ABE4B7B00C73F6D /* RideTests.swift in Sources */ = {isa = PBXBuildFile; fileRef = 3F3A73DD1ABE4B7B00C73F6D /* RideTests.swift */; };
		3F3A73E01ABE4BD900C73F6D /* TestUtils.swift in Sources */ = {isa = PBXBuildFile; fileRef = 3F3A73DF1ABE4BD900C73F6D /* TestUtils.swift */; };
		3F808CB61ABDFABF000CB5F2 /* AppDelegate.swift in Sources */ = {isa = PBXBuildFile; fileRef = 3F808CB51ABDFABF000CB5F2 /* AppDelegate.swift */; };
		3F808CB81ABDFABF000CB5F2 /* ViewController.swift in Sources */ = {isa = PBXBuildFile; fileRef = 3F808CB71ABDFABF000CB5F2 /* ViewController.swift */; };
		3F808CBB1ABDFABF000CB5F2 /* Main.storyboard in Resources */ = {isa = PBXBuildFile; fileRef = 3F808CB91ABDFABF000CB5F2 /* Main.storyboard */; };
		3F808CBD1ABDFABF000CB5F2 /* Images.xcassets in Resources */ = {isa = PBXBuildFile; fileRef = 3F808CBC1ABDFABF000CB5F2 /* Images.xcassets */; };
		3F808CC01ABDFABF000CB5F2 /* LaunchScreen.xib in Resources */ = {isa = PBXBuildFile; fileRef = 3F808CBE1ABDFABF000CB5F2 /* LaunchScreen.xib */; };
		3F808CCC1ABDFABF000CB5F2 /* SlugTests.swift in Sources */ = {isa = PBXBuildFile; fileRef = 3F808CCB1ABDFABF000CB5F2 /* SlugTests.swift */; };
		3F808CF21ABE021F000CB5F2 /* AudioToolbox.framework in Frameworks */ = {isa = PBXBuildFile; fileRef = 3F808CF11ABE021F000CB5F2 /* AudioToolbox.framework */; };
		3F808CF41ABE0225000CB5F2 /* CFNetwork.framework in Frameworks */ = {isa = PBXBuildFile; fileRef = 3F808CF31ABE0225000CB5F2 /* CFNetwork.framework */; };
		3F808CF61ABE022B000CB5F2 /* CoreGraphics.framework in Frameworks */ = {isa = PBXBuildFile; fileRef = 3F808CF51ABE022A000CB5F2 /* CoreGraphics.framework */; };
		3F808CF81ABE0232000CB5F2 /* CoreLocation.framework in Frameworks */ = {isa = PBXBuildFile; fileRef = 3F808CF71ABE0232000CB5F2 /* CoreLocation.framework */; };
		3F808CFA1ABE023A000CB5F2 /* libz.dylib in Frameworks */ = {isa = PBXBuildFile; fileRef = 3F808CF91ABE023A000CB5F2 /* libz.dylib */; };
		3F808CFC1ABE023F000CB5F2 /* MobileCoreServices.framework in Frameworks */ = {isa = PBXBuildFile; fileRef = 3F808CFB1ABE023F000CB5F2 /* MobileCoreServices.framework */; };
		3F808CFE1ABE0244000CB5F2 /* QuartzCore.framework in Frameworks */ = {isa = PBXBuildFile; fileRef = 3F808CFD1ABE0244000CB5F2 /* QuartzCore.framework */; };
		3F808D001ABE0248000CB5F2 /* Security.framework in Frameworks */ = {isa = PBXBuildFile; fileRef = 3F808CFF1ABE0248000CB5F2 /* Security.framework */; };
		3F808D021ABE024E000CB5F2 /* StoreKit.framework in Frameworks */ = {isa = PBXBuildFile; fileRef = 3F808D011ABE024D000CB5F2 /* StoreKit.framework */; };
		3F808D041ABE0257000CB5F2 /* SystemConfiguration.framework in Frameworks */ = {isa = PBXBuildFile; fileRef = 3F808D031ABE0257000CB5F2 /* SystemConfiguration.framework */; };
		3F808D061ABE025E000CB5F2 /* libsqlite3.dylib in Frameworks */ = {isa = PBXBuildFile; fileRef = 3F808D051ABE025E000CB5F2 /* libsqlite3.dylib */; };
		3FA0CF871ABE045000B22A91 /* Bolts.framework in Frameworks */ = {isa = PBXBuildFile; fileRef = 3F808CE91ABDFF52000CB5F2 /* Bolts.framework */; };
		3FA0CF881ABE045000B22A91 /* Parse.framework in Frameworks */ = {isa = PBXBuildFile; fileRef = 3F808CEA1ABDFF52000CB5F2 /* Parse.framework */; };
		3FA0CF891ABE045000B22A91 /* ParseUI.framework in Frameworks */ = {isa = PBXBuildFile; fileRef = 3F808CED1ABDFF52000CB5F2 /* ParseUI.framework */; };
		3FA0CF8D1ABE0A9900B22A91 /* User.swift in Sources */ = {isa = PBXBuildFile; fileRef = 3FA0CF8C1ABE0A9900B22A91 /* User.swift */; };
		3FA0CF8F1ABE14BA00B22A91 /* UserTests.swift in Sources */ = {isa = PBXBuildFile; fileRef = 3FA0CF8E1ABE14BA00B22A91 /* UserTests.swift */; };
		3FA0CF901ABE152200B22A91 /* User.swift in Sources */ = {isa = PBXBuildFile; fileRef = 3FA0CF8C1ABE0A9900B22A91 /* User.swift */; };
/* End PBXBuildFile section */

/* Begin PBXContainerItemProxy section */
		3F808CC61ABDFABF000CB5F2 /* PBXContainerItemProxy */ = {
			isa = PBXContainerItemProxy;
			containerPortal = 3F808CA81ABDFABF000CB5F2 /* Project object */;
			proxyType = 1;
			remoteGlobalIDString = 3F808CAF1ABDFABF000CB5F2;
			remoteInfo = Slug;
		};
/* End PBXContainerItemProxy section */

/* Begin PBXFileReference section */
		3391A7C91ABE02C900EDCF65 /* LabledButton.swift */ = {isa = PBXFileReference; fileEncoding = 4; lastKnownFileType = sourcecode.swift; name = LabledButton.swift; path = views/LabledButton.swift; sourceTree = "<group>"; };
		3391A7CF1ABE035C00EDCF65 /* RichView.swift */ = {isa = PBXFileReference; fileEncoding = 4; lastKnownFileType = sourcecode.swift; name = RichView.swift; path = views/RichView.swift; sourceTree = "<group>"; };
		3391A8051ABE0EE500EDCF65 /* HomeSetupViewController.swift */ = {isa = PBXFileReference; fileEncoding = 4; lastKnownFileType = sourcecode.swift; name = HomeSetupViewController.swift; path = controllers/HomeSetupViewController.swift; sourceTree = "<group>"; };
		3391A8071ABE13E600EDCF65 /* CompanyCollectionViewCell.swift */ = {isa = PBXFileReference; fileEncoding = 4; lastKnownFileType = sourcecode.swift; name = CompanyCollectionViewCell.swift; path = views/CompanyCollectionViewCell.swift; sourceTree = "<group>"; };
		3391A8091ABE178500EDCF65 /* WorkPickerCollectionViewController.swift */ = {isa = PBXFileReference; fileEncoding = 4; lastKnownFileType = sourcecode.swift; name = WorkPickerCollectionViewController.swift; path = controllers/WorkPickerCollectionViewController.swift; sourceTree = "<group>"; };
		3391A80F1ABE1E2D00EDCF65 /* LobbyViewController.swift */ = {isa = PBXFileReference; fileEncoding = 4; lastKnownFileType = sourcecode.swift; name = LobbyViewController.swift; path = controllers/LobbyViewController.swift; sourceTree = "<group>"; };
		3391A8131ABE1E4F00EDCF65 /* DrivingViewController.swift */ = {isa = PBXFileReference; fileEncoding = 4; lastKnownFileType = sourcecode.swift; name = DrivingViewController.swift; path = controllers/DrivingViewController.swift; sourceTree = "<group>"; };
		3391A8151ABE323100EDCF65 /* Accounts.framework */ = {isa = PBXFileReference; lastKnownFileType = wrapper.framework; name = Accounts.framework; path = System/Library/Frameworks/Accounts.framework; sourceTree = SDKROOT; };
		3391A8171ABE323700EDCF65 /* Social.framework */ = {isa = PBXFileReference; lastKnownFileType = wrapper.framework; name = Social.framework; path = System/Library/Frameworks/Social.framework; sourceTree = SDKROOT; };
		3391A8191ABE4A7900EDCF65 /* RegisterDriveViewController.swift */ = {isa = PBXFileReference; fileEncoding = 4; lastKnownFileType = sourcecode.swift; name = RegisterDriveViewController.swift; path = controllers/RegisterDriveViewController.swift; sourceTree = "<group>"; };
		3391A81B1ABE7AE800EDCF65 /* UserLocation.swift */ = {isa = PBXFileReference; fileEncoding = 4; lastKnownFileType = sourcecode.swift; path = UserLocation.swift; sourceTree = "<group>"; };
		3391A81D1ABE966700EDCF65 /* ViewRideViewController.swift */ = {isa = PBXFileReference; fileEncoding = 4; lastKnownFileType = sourcecode.swift; name = ViewRideViewController.swift; path = controllers/ViewRideViewController.swift; sourceTree = "<group>"; };
		3391A81F1ABEA8B400EDCF65 /* SignupViewController.swift */ = {isa = PBXFileReference; fileEncoding = 4; lastKnownFileType = sourcecode.swift; name = SignupViewController.swift; path = controllers/SignupViewController.swift; sourceTree = "<group>"; };
		3391A8211ABEF29700EDCF65 /* BorderedTextField.swift */ = {isa = PBXFileReference; fileEncoding = 4; lastKnownFileType = sourcecode.swift; name = BorderedTextField.swift; path = views/BorderedTextField.swift; sourceTree = "<group>"; };
		3391A8231ABEF9AE00EDCF65 /* SlugNavigationController.swift */ = {isa = PBXFileReference; fileEncoding = 4; lastKnownFileType = sourcecode.swift; name = SlugNavigationController.swift; path = controllers/SlugNavigationController.swift; sourceTree = "<group>"; };
		33FD8FF01ABDFF4F004D5D5A /* HomeWorkSetupViewController.swift */ = {isa = PBXFileReference; fileEncoding = 4; lastKnownFileType = sourcecode.swift; name = HomeWorkSetupViewController.swift; path = controllers/HomeWorkSetupViewController.swift; sourceTree = "<group>"; };
		3F0FC9611ABEA2BD00E12453 /* RideWIthDriverTests.swift */ = {isa = PBXFileReference; fileEncoding = 4; lastKnownFileType = sourcecode.swift; path = RideWIthDriverTests.swift; sourceTree = "<group>"; };
		3F3A73D71ABE28C700C73F6D /* utils.swift */ = {isa = PBXFileReference; fileEncoding = 4; lastKnownFileType = sourcecode.swift; name = utils.swift; path = utils/utils.swift; sourceTree = "<group>"; };
		3F3A73DD1ABE4B7B00C73F6D /* RideTests.swift */ = {isa = PBXFileReference; fileEncoding = 4; lastKnownFileType = sourcecode.swift; path = RideTests.swift; sourceTree = "<group>"; };
		3F3A73DF1ABE4BD900C73F6D /* TestUtils.swift */ = {isa = PBXFileReference; fileEncoding = 4; lastKnownFileType = sourcecode.swift; path = TestUtils.swift; sourceTree = "<group>"; };
		3F48DCEE1ABEB99D002571CF /* MyPlayground.playground */ = {isa = PBXFileReference; lastKnownFileType = file.playground; path = MyPlayground.playground; sourceTree = "<group>"; };
		3F808CB01ABDFABF000CB5F2 /* Slug.app */ = {isa = PBXFileReference; explicitFileType = wrapper.application; includeInIndex = 0; path = Slug.app; sourceTree = BUILT_PRODUCTS_DIR; };
		3F808CB41ABDFABF000CB5F2 /* Info.plist */ = {isa = PBXFileReference; lastKnownFileType = text.plist.xml; path = Info.plist; sourceTree = "<group>"; };
		3F808CB51ABDFABF000CB5F2 /* AppDelegate.swift */ = {isa = PBXFileReference; lastKnownFileType = sourcecode.swift; path = AppDelegate.swift; sourceTree = "<group>"; };
		3F808CB71ABDFABF000CB5F2 /* ViewController.swift */ = {isa = PBXFileReference; lastKnownFileType = sourcecode.swift; path = ViewController.swift; sourceTree = "<group>"; };
		3F808CBA1ABDFABF000CB5F2 /* Base */ = {isa = PBXFileReference; lastKnownFileType = file.storyboard; name = Base; path = Base.lproj/Main.storyboard; sourceTree = "<group>"; };
		3F808CBC1ABDFABF000CB5F2 /* Images.xcassets */ = {isa = PBXFileReference; lastKnownFileType = folder.assetcatalog; path = Images.xcassets; sourceTree = "<group>"; };
		3F808CBF1ABDFABF000CB5F2 /* Base */ = {isa = PBXFileReference; lastKnownFileType = file.xib; name = Base; path = Base.lproj/LaunchScreen.xib; sourceTree = "<group>"; };
		3F808CC51ABDFABF000CB5F2 /* SlugTests.xctest */ = {isa = PBXFileReference; explicitFileType = wrapper.cfbundle; includeInIndex = 0; path = SlugTests.xctest; sourceTree = BUILT_PRODUCTS_DIR; };
		3F808CCA1ABDFABF000CB5F2 /* Info.plist */ = {isa = PBXFileReference; lastKnownFileType = text.plist.xml; path = Info.plist; sourceTree = "<group>"; };
		3F808CCB1ABDFABF000CB5F2 /* SlugTests.swift */ = {isa = PBXFileReference; lastKnownFileType = sourcecode.swift; path = SlugTests.swift; sourceTree = "<group>"; };
		3F808CE91ABDFF52000CB5F2 /* Bolts.framework */ = {isa = PBXFileReference; lastKnownFileType = wrapper.framework; path = Bolts.framework; sourceTree = "<group>"; };
		3F808CEA1ABDFF52000CB5F2 /* Parse.framework */ = {isa = PBXFileReference; lastKnownFileType = wrapper.framework; path = Parse.framework; sourceTree = "<group>"; };
		3F808CEB1ABDFF52000CB5F2 /* ParseCrashReporting.framework */ = {isa = PBXFileReference; lastKnownFileType = wrapper.framework; path = ParseCrashReporting.framework; sourceTree = "<group>"; };
		3F808CEC1ABDFF52000CB5F2 /* ParseFacebookUtils.framework */ = {isa = PBXFileReference; lastKnownFileType = wrapper.framework; path = ParseFacebookUtils.framework; sourceTree = "<group>"; };
		3F808CED1ABDFF52000CB5F2 /* ParseUI.framework */ = {isa = PBXFileReference; lastKnownFileType = wrapper.framework; path = ParseUI.framework; sourceTree = "<group>"; };
		3F808CEE1ABDFF61000CB5F2 /* PassKit.framework */ = {isa = PBXFileReference; lastKnownFileType = wrapper.framework; name = PassKit.framework; path = System/Library/Frameworks/PassKit.framework; sourceTree = SDKROOT; };
		3F808CF11ABE021F000CB5F2 /* AudioToolbox.framework */ = {isa = PBXFileReference; lastKnownFileType = wrapper.framework; name = AudioToolbox.framework; path = System/Library/Frameworks/AudioToolbox.framework; sourceTree = SDKROOT; };
		3F808CF31ABE0225000CB5F2 /* CFNetwork.framework */ = {isa = PBXFileReference; lastKnownFileType = wrapper.framework; name = CFNetwork.framework; path = System/Library/Frameworks/CFNetwork.framework; sourceTree = SDKROOT; };
		3F808CF51ABE022A000CB5F2 /* CoreGraphics.framework */ = {isa = PBXFileReference; lastKnownFileType = wrapper.framework; name = CoreGraphics.framework; path = System/Library/Frameworks/CoreGraphics.framework; sourceTree = SDKROOT; };
		3F808CF71ABE0232000CB5F2 /* CoreLocation.framework */ = {isa = PBXFileReference; lastKnownFileType = wrapper.framework; name = CoreLocation.framework; path = System/Library/Frameworks/CoreLocation.framework; sourceTree = SDKROOT; };
		3F808CF91ABE023A000CB5F2 /* libz.dylib */ = {isa = PBXFileReference; lastKnownFileType = "compiled.mach-o.dylib"; name = libz.dylib; path = usr/lib/libz.dylib; sourceTree = SDKROOT; };
		3F808CFB1ABE023F000CB5F2 /* MobileCoreServices.framework */ = {isa = PBXFileReference; lastKnownFileType = wrapper.framework; name = MobileCoreServices.framework; path = System/Library/Frameworks/MobileCoreServices.framework; sourceTree = SDKROOT; };
		3F808CFD1ABE0244000CB5F2 /* QuartzCore.framework */ = {isa = PBXFileReference; lastKnownFileType = wrapper.framework; name = QuartzCore.framework; path = System/Library/Frameworks/QuartzCore.framework; sourceTree = SDKROOT; };
		3F808CFF1ABE0248000CB5F2 /* Security.framework */ = {isa = PBXFileReference; lastKnownFileType = wrapper.framework; name = Security.framework; path = System/Library/Frameworks/Security.framework; sourceTree = SDKROOT; };
		3F808D011ABE024D000CB5F2 /* StoreKit.framework */ = {isa = PBXFileReference; lastKnownFileType = wrapper.framework; name = StoreKit.framework; path = System/Library/Frameworks/StoreKit.framework; sourceTree = SDKROOT; };
		3F808D031ABE0257000CB5F2 /* SystemConfiguration.framework */ = {isa = PBXFileReference; lastKnownFileType = wrapper.framework; name = SystemConfiguration.framework; path = System/Library/Frameworks/SystemConfiguration.framework; sourceTree = SDKROOT; };
		3F808D051ABE025E000CB5F2 /* libsqlite3.dylib */ = {isa = PBXFileReference; lastKnownFileType = "compiled.mach-o.dylib"; name = libsqlite3.dylib; path = usr/lib/libsqlite3.dylib; sourceTree = SDKROOT; };
		3FA0CF8C1ABE0A9900B22A91 /* User.swift */ = {isa = PBXFileReference; fileEncoding = 4; lastKnownFileType = sourcecode.swift; name = User.swift; path = models/User.swift; sourceTree = "<group>"; };
		3FA0CF8E1ABE14BA00B22A91 /* UserTests.swift */ = {isa = PBXFileReference; fileEncoding = 4; lastKnownFileType = sourcecode.swift; path = UserTests.swift; sourceTree = "<group>"; };
/* End PBXFileReference section */

/* Begin PBXFrameworksBuildPhase section */
		3F808CAD1ABDFABF000CB5F2 /* Frameworks */ = {
			isa = PBXFrameworksBuildPhase;
			buildActionMask = 2147483647;
			files = (
				3391A8181ABE323700EDCF65 /* Social.framework in Frameworks */,
				3391A8161ABE323100EDCF65 /* Accounts.framework in Frameworks */,
				3F808D061ABE025E000CB5F2 /* libsqlite3.dylib in Frameworks */,
				3F808D041ABE0257000CB5F2 /* SystemConfiguration.framework in Frameworks */,
				3F808D021ABE024E000CB5F2 /* StoreKit.framework in Frameworks */,
				3F808D001ABE0248000CB5F2 /* Security.framework in Frameworks */,
				3F808CFE1ABE0244000CB5F2 /* QuartzCore.framework in Frameworks */,
				3F808CFC1ABE023F000CB5F2 /* MobileCoreServices.framework in Frameworks */,
				3F808CFA1ABE023A000CB5F2 /* libz.dylib in Frameworks */,
				3F808CF81ABE0232000CB5F2 /* CoreLocation.framework in Frameworks */,
				3F808CF61ABE022B000CB5F2 /* CoreGraphics.framework in Frameworks */,
				3F808CF41ABE0225000CB5F2 /* CFNetwork.framework in Frameworks */,
				3F808CF21ABE021F000CB5F2 /* AudioToolbox.framework in Frameworks */,
				3FA0CF871ABE045000B22A91 /* Bolts.framework in Frameworks */,
				3FA0CF881ABE045000B22A91 /* Parse.framework in Frameworks */,
				3FA0CF891ABE045000B22A91 /* ParseUI.framework in Frameworks */,
			);
			runOnlyForDeploymentPostprocessing = 0;
		};
		3F808CC21ABDFABF000CB5F2 /* Frameworks */ = {
			isa = PBXFrameworksBuildPhase;
			buildActionMask = 2147483647;
			files = (
				3F3A73D31ABE160500C73F6D /* Bolts.framework in Frameworks */,
				3F3A73D41ABE160500C73F6D /* Parse.framework in Frameworks */,
				3F3A73D51ABE160500C73F6D /* ParseUI.framework in Frameworks */,
				3F3A73D21ABE15F200C73F6D /* libsqlite3.dylib in Frameworks */,
				3F3A73D11ABE15EB00C73F6D /* libz.dylib in Frameworks */,
				3F3A73D01ABE15E600C73F6D /* SystemConfiguration.framework in Frameworks */,
				3F3A73CF1ABE15DE00C73F6D /* StoreKit.framework in Frameworks */,
				3F3A73CE1ABE15D900C73F6D /* Security.framework in Frameworks */,
				3F3A73CD1ABE15D400C73F6D /* QuartzCore.framework in Frameworks */,
				3F3A73CC1ABE15D000C73F6D /* MobileCoreServices.framework in Frameworks */,
				3F3A73CB1ABE15CA00C73F6D /* CoreLocation.framework in Frameworks */,
				3F3A73CA1ABE15C400C73F6D /* CoreGraphics.framework in Frameworks */,
				3F3A73C91ABE15BF00C73F6D /* CFNetwork.framework in Frameworks */,
				3F3A73C81ABE15B800C73F6D /* AudioToolbox.framework in Frameworks */,
			);
			runOnlyForDeploymentPostprocessing = 0;
		};
/* End PBXFrameworksBuildPhase section */

/* Begin PBXGroup section */
		33FD8FEE1ABDFF2D004D5D5A /* controllers */ = {
			isa = PBXGroup;
			children = (
				33FD8FF01ABDFF4F004D5D5A /* HomeWorkSetupViewController.swift */,
				3391A8051ABE0EE500EDCF65 /* HomeSetupViewController.swift */,
				3391A8091ABE178500EDCF65 /* WorkPickerCollectionViewController.swift */,
				3391A80F1ABE1E2D00EDCF65 /* LobbyViewController.swift */,
				3391A8131ABE1E4F00EDCF65 /* DrivingViewController.swift */,
				3391A8191ABE4A7900EDCF65 /* RegisterDriveViewController.swift */,
				3391A81D1ABE966700EDCF65 /* ViewRideViewController.swift */,
				3391A81F1ABEA8B400EDCF65 /* SignupViewController.swift */,
				3391A8231ABEF9AE00EDCF65 /* SlugNavigationController.swift */,
			);
			name = controllers;
			sourceTree = "<group>";
		};
		33FD8FEF1ABDFF32004D5D5A /* views */ = {
			isa = PBXGroup;
			children = (
				3391A7C91ABE02C900EDCF65 /* LabledButton.swift */,
				3391A7CF1ABE035C00EDCF65 /* RichView.swift */,
				3391A8071ABE13E600EDCF65 /* CompanyCollectionViewCell.swift */,
				3391A8211ABEF29700EDCF65 /* BorderedTextField.swift */,
			);
			name = views;
			sourceTree = "<group>";
		};
		3F3A73D61ABE28B000C73F6D /* utils */ = {
			isa = PBXGroup;
			children = (
				3F3A73D71ABE28C700C73F6D /* utils.swift */,
			);
			name = utils;
			sourceTree = "<group>";
		};
		3F808CA71ABDFABF000CB5F2 = {
			isa = PBXGroup;
			children = (
				3391A8171ABE323700EDCF65 /* Social.framework */,
				3391A8151ABE323100EDCF65 /* Accounts.framework */,
				3F808D051ABE025E000CB5F2 /* libsqlite3.dylib */,
				3F808D031ABE0257000CB5F2 /* SystemConfiguration.framework */,
				3F808D011ABE024D000CB5F2 /* StoreKit.framework */,
				3F808CFF1ABE0248000CB5F2 /* Security.framework */,
				3F808CFD1ABE0244000CB5F2 /* QuartzCore.framework */,
				3F808CFB1ABE023F000CB5F2 /* MobileCoreServices.framework */,
				3F808CF91ABE023A000CB5F2 /* libz.dylib */,
				3F808CF71ABE0232000CB5F2 /* CoreLocation.framework */,
				3F808CF51ABE022A000CB5F2 /* CoreGraphics.framework */,
				3F808CF31ABE0225000CB5F2 /* CFNetwork.framework */,
				3F808CF11ABE021F000CB5F2 /* AudioToolbox.framework */,
				3F808CEE1ABDFF61000CB5F2 /* PassKit.framework */,
				3F808CE71ABDFF52000CB5F2 /* lib */,
				3F808CB21ABDFABF000CB5F2 /* Slug */,
				3F808CC81ABDFABF000CB5F2 /* SlugTests */,
				3F808CB11ABDFABF000CB5F2 /* Products */,
			);
			sourceTree = "<group>";
		};
		3F808CB11ABDFABF000CB5F2 /* Products */ = {
			isa = PBXGroup;
			children = (
				3F808CB01ABDFABF000CB5F2 /* Slug.app */,
				3F808CC51ABDFABF000CB5F2 /* SlugTests.xctest */,
			);
			name = Products;
			sourceTree = "<group>";
		};
		3F808CB21ABDFABF000CB5F2 /* Slug */ = {
			isa = PBXGroup;
			children = (
				3F3A73D61ABE28B000C73F6D /* utils */,
				3FA0CF8B1ABE0A0B00B22A91 /* models */,
				33FD8FEF1ABDFF32004D5D5A /* views */,
				33FD8FEE1ABDFF2D004D5D5A /* controllers */,
				3F808CB71ABDFABF000CB5F2 /* ViewController.swift */,
				3F808CB91ABDFABF000CB5F2 /* Main.storyboard */,
				3391A81B1ABE7AE800EDCF65 /* UserLocation.swift */,
				3F808CB31ABDFABF000CB5F2 /* Supporting Files */,
				3F48DCEE1ABEB99D002571CF /* MyPlayground.playground */,
			);
			path = Slug;
			sourceTree = "<group>";
		};
		3F808CB31ABDFABF000CB5F2 /* Supporting Files */ = {
			isa = PBXGroup;
			children = (
				3F808CB51ABDFABF000CB5F2 /* AppDelegate.swift */,
				3F808CBC1ABDFABF000CB5F2 /* Images.xcassets */,
				3F808CBE1ABDFABF000CB5F2 /* LaunchScreen.xib */,
				3F808CB41ABDFABF000CB5F2 /* Info.plist */,
			);
			name = "Supporting Files";
			sourceTree = "<group>";
		};
		3F808CC81ABDFABF000CB5F2 /* SlugTests */ = {
			isa = PBXGroup;
			children = (
				3F808CCB1ABDFABF000CB5F2 /* SlugTests.swift */,
				3F808CC91ABDFABF000CB5F2 /* Supporting Files */,
				3FA0CF8E1ABE14BA00B22A91 /* UserTests.swift */,
				3F3A73DD1ABE4B7B00C73F6D /* RideTests.swift */,
				3F3A73DF1ABE4BD900C73F6D /* TestUtils.swift */,
				3F0FC9611ABEA2BD00E12453 /* RideWIthDriverTests.swift */,
			);
			path = SlugTests;
			sourceTree = "<group>";
		};
		3F808CC91ABDFABF000CB5F2 /* Supporting Files */ = {
			isa = PBXGroup;
			children = (
				3F808CCA1ABDFABF000CB5F2 /* Info.plist */,
			);
			name = "Supporting Files";
			sourceTree = "<group>";
		};
		3F808CE71ABDFF52000CB5F2 /* lib */ = {
			isa = PBXGroup;
			children = (
				3F808CE81ABDFF52000CB5F2 /* parse */,
			);
			path = lib;
			sourceTree = "<group>";
		};
		3F808CE81ABDFF52000CB5F2 /* parse */ = {
			isa = PBXGroup;
			children = (
				3F808CE91ABDFF52000CB5F2 /* Bolts.framework */,
				3F808CEA1ABDFF52000CB5F2 /* Parse.framework */,
				3F808CEB1ABDFF52000CB5F2 /* ParseCrashReporting.framework */,
				3F808CEC1ABDFF52000CB5F2 /* ParseFacebookUtils.framework */,
				3F808CED1ABDFF52000CB5F2 /* ParseUI.framework */,
			);
			path = parse;
			sourceTree = "<group>";
		};
		3FA0CF8B1ABE0A0B00B22A91 /* models */ = {
			isa = PBXGroup;
			children = (
				3FA0CF8C1ABE0A9900B22A91 /* User.swift */,
			);
			name = models;
			sourceTree = "<group>";
		};
/* End PBXGroup section */

/* Begin PBXNativeTarget section */
		3F808CAF1ABDFABF000CB5F2 /* Slug */ = {
			isa = PBXNativeTarget;
			buildConfigurationList = 3F808CCF1ABDFABF000CB5F2 /* Build configuration list for PBXNativeTarget "Slug" */;
			buildPhases = (
				3F808CAC1ABDFABF000CB5F2 /* Sources */,
				3F808CAD1ABDFABF000CB5F2 /* Frameworks */,
				3F808CAE1ABDFABF000CB5F2 /* Resources */,
			);
			buildRules = (
			);
			dependencies = (
			);
			name = Slug;
			productName = Slug;
			productReference = 3F808CB01ABDFABF000CB5F2 /* Slug.app */;
			productType = "com.apple.product-type.application";
		};
		3F808CC41ABDFABF000CB5F2 /* SlugTests */ = {
			isa = PBXNativeTarget;
			buildConfigurationList = 3F808CD21ABDFABF000CB5F2 /* Build configuration list for PBXNativeTarget "SlugTests" */;
			buildPhases = (
				3F808CC11ABDFABF000CB5F2 /* Sources */,
				3F808CC21ABDFABF000CB5F2 /* Frameworks */,
				3F808CC31ABDFABF000CB5F2 /* Resources */,
			);
			buildRules = (
			);
			dependencies = (
				3F808CC71ABDFABF000CB5F2 /* PBXTargetDependency */,
			);
			name = SlugTests;
			productName = SlugTests;
			productReference = 3F808CC51ABDFABF000CB5F2 /* SlugTests.xctest */;
			productType = "com.apple.product-type.bundle.unit-test";
		};
/* End PBXNativeTarget section */

/* Begin PBXProject section */
		3F808CA81ABDFABF000CB5F2 /* Project object */ = {
			isa = PBXProject;
			attributes = {
				LastUpgradeCheck = 0620;
				ORGANIZATIONNAME = Slug;
				TargetAttributes = {
					3F808CAF1ABDFABF000CB5F2 = {
						CreatedOnToolsVersion = 6.2;
					};
					3F808CC41ABDFABF000CB5F2 = {
						CreatedOnToolsVersion = 6.2;
						TestTargetID = 3F808CAF1ABDFABF000CB5F2;
					};
				};
			};
			buildConfigurationList = 3F808CAB1ABDFABF000CB5F2 /* Build configuration list for PBXProject "Slug" */;
			compatibilityVersion = "Xcode 3.2";
			developmentRegion = English;
			hasScannedForEncodings = 0;
			knownRegions = (
				en,
				Base,
			);
			mainGroup = 3F808CA71ABDFABF000CB5F2;
			productRefGroup = 3F808CB11ABDFABF000CB5F2 /* Products */;
			projectDirPath = "";
			projectRoot = "";
			targets = (
				3F808CAF1ABDFABF000CB5F2 /* Slug */,
				3F808CC41ABDFABF000CB5F2 /* SlugTests */,
			);
		};
/* End PBXProject section */

/* Begin PBXResourcesBuildPhase section */
		3F808CAE1ABDFABF000CB5F2 /* Resources */ = {
			isa = PBXResourcesBuildPhase;
			buildActionMask = 2147483647;
			files = (
				3F808CBB1ABDFABF000CB5F2 /* Main.storyboard in Resources */,
				3F808CC01ABDFABF000CB5F2 /* LaunchScreen.xib in Resources */,
				3F808CBD1ABDFABF000CB5F2 /* Images.xcassets in Resources */,
			);
			runOnlyForDeploymentPostprocessing = 0;
		};
		3F808CC31ABDFABF000CB5F2 /* Resources */ = {
			isa = PBXResourcesBuildPhase;
			buildActionMask = 2147483647;
			files = (
			);
			runOnlyForDeploymentPostprocessing = 0;
		};
/* End PBXResourcesBuildPhase section */

/* Begin PBXSourcesBuildPhase section */
		3F808CAC1ABDFABF000CB5F2 /* Sources */ = {
			isa = PBXSourcesBuildPhase;
			buildActionMask = 2147483647;
			files = (
				3F3A73D81ABE28C700C73F6D /* utils.swift in Sources */,
				3FA0CF8D1ABE0A9900B22A91 /* User.swift in Sources */,
				3391A8081ABE13E600EDCF65 /* CompanyCollectionViewCell.swift in Sources */,
				3391A8221ABEF29700EDCF65 /* BorderedTextField.swift in Sources */,
				3391A8061ABE0EE500EDCF65 /* HomeSetupViewController.swift in Sources */,
				3F808CB81ABDFABF000CB5F2 /* ViewController.swift in Sources */,
				3391A81E1ABE966700EDCF65 /* ViewRideViewController.swift in Sources */,
				3391A7CA1ABE02C900EDCF65 /* LabledButton.swift in Sources */,
				3391A8141ABE1E4F00EDCF65 /* DrivingViewController.swift in Sources */,
				3F808CB61ABDFABF000CB5F2 /* AppDelegate.swift in Sources */,
				3391A8241ABEF9AE00EDCF65 /* SlugNavigationController.swift in Sources */,
				3391A81C1ABE7AE800EDCF65 /* UserLocation.swift in Sources */,
				3391A8201ABEA8B400EDCF65 /* SignupViewController.swift in Sources */,
				3391A7D01ABE035D00EDCF65 /* RichView.swift in Sources */,
				3391A8101ABE1E2D00EDCF65 /* LobbyViewController.swift in Sources */,
				33FD8FF11ABDFF4F004D5D5A /* HomeWorkSetupViewController.swift in Sources */,
				3391A80A1ABE178500EDCF65 /* WorkPickerCollectionViewController.swift in Sources */,
				3391A81A1ABE4A7900EDCF65 /* RegisterDriveViewController.swift in Sources */,
			);
			runOnlyForDeploymentPostprocessing = 0;
		};
		3F808CC11ABDFABF000CB5F2 /* Sources */ = {
			isa = PBXSourcesBuildPhase;
			buildActionMask = 2147483647;
			files = (
				3F3A73D91ABE296700C73F6D /* utils.swift in Sources */,
				3F3A73DE1ABE4B7B00C73F6D /* RideTests.swift in Sources */,
				3FA0CF901ABE152200B22A91 /* User.swift in Sources */,
				3F0FC9621ABEA2BD00E12453 /* RideWIthDriverTests.swift in Sources */,
				3F3A73E01ABE4BD900C73F6D /* TestUtils.swift in Sources */,
				3FA0CF8F1ABE14BA00B22A91 /* UserTests.swift in Sources */,
				3F808CCC1ABDFABF000CB5F2 /* SlugTests.swift in Sources */,
			);
			runOnlyForDeploymentPostprocessing = 0;
		};
/* End PBXSourcesBuildPhase section */

/* Begin PBXTargetDependency section */
		3F808CC71ABDFABF000CB5F2 /* PBXTargetDependency */ = {
			isa = PBXTargetDependency;
			target = 3F808CAF1ABDFABF000CB5F2 /* Slug */;
			targetProxy = 3F808CC61ABDFABF000CB5F2 /* PBXContainerItemProxy */;
		};
/* End PBXTargetDependency section */

/* Begin PBXVariantGroup section */
		3F808CB91ABDFABF000CB5F2 /* Main.storyboard */ = {
			isa = PBXVariantGroup;
			children = (
				3F808CBA1ABDFABF000CB5F2 /* Base */,
			);
			name = Main.storyboard;
			sourceTree = "<group>";
		};
		3F808CBE1ABDFABF000CB5F2 /* LaunchScreen.xib */ = {
			isa = PBXVariantGroup;
			children = (
				3F808CBF1ABDFABF000CB5F2 /* Base */,
			);
			name = LaunchScreen.xib;
			sourceTree = "<group>";
		};
/* End PBXVariantGroup section */

/* Begin XCBuildConfiguration section */
		3F808CCD1ABDFABF000CB5F2 /* Debug */ = {
			isa = XCBuildConfiguration;
			buildSettings = {
				ALWAYS_SEARCH_USER_PATHS = NO;
				CLANG_CXX_LANGUAGE_STANDARD = "gnu++0x";
				CLANG_CXX_LIBRARY = "libc++";
				CLANG_ENABLE_MODULES = YES;
				CLANG_ENABLE_OBJC_ARC = YES;
				CLANG_WARN_BOOL_CONVERSION = YES;
				CLANG_WARN_CONSTANT_CONVERSION = YES;
				CLANG_WARN_DIRECT_OBJC_ISA_USAGE = YES_ERROR;
				CLANG_WARN_EMPTY_BODY = YES;
				CLANG_WARN_ENUM_CONVERSION = YES;
				CLANG_WARN_INT_CONVERSION = YES;
				CLANG_WARN_OBJC_ROOT_CLASS = YES_ERROR;
				CLANG_WARN_UNREACHABLE_CODE = YES;
				CLANG_WARN__DUPLICATE_METHOD_MATCH = YES;
				"CODE_SIGN_IDENTITY[sdk=iphoneos*]" = "iPhone Developer";
				COPY_PHASE_STRIP = NO;
				ENABLE_STRICT_OBJC_MSGSEND = YES;
				GCC_C_LANGUAGE_STANDARD = gnu99;
				GCC_DYNAMIC_NO_PIC = NO;
				GCC_OPTIMIZATION_LEVEL = 0;
				GCC_PREPROCESSOR_DEFINITIONS = (
					"DEBUG=1",
					"$(inherited)",
				);
				GCC_SYMBOLS_PRIVATE_EXTERN = NO;
				GCC_WARN_64_TO_32_BIT_CONVERSION = YES;
				GCC_WARN_ABOUT_RETURN_TYPE = YES_ERROR;
				GCC_WARN_UNDECLARED_SELECTOR = YES;
				GCC_WARN_UNINITIALIZED_AUTOS = YES_AGGRESSIVE;
				GCC_WARN_UNUSED_FUNCTION = YES;
				GCC_WARN_UNUSED_VARIABLE = YES;
				IPHONEOS_DEPLOYMENT_TARGET = 8.2;
				MTL_ENABLE_DEBUG_INFO = YES;
				ONLY_ACTIVE_ARCH = YES;
				SDKROOT = iphoneos;
				SWIFT_OPTIMIZATION_LEVEL = "-Onone";
				TARGETED_DEVICE_FAMILY = "1,2";
			};
			name = Debug;
		};
		3F808CCE1ABDFABF000CB5F2 /* Release */ = {
			isa = XCBuildConfiguration;
			buildSettings = {
				ALWAYS_SEARCH_USER_PATHS = NO;
				CLANG_CXX_LANGUAGE_STANDARD = "gnu++0x";
				CLANG_CXX_LIBRARY = "libc++";
				CLANG_ENABLE_MODULES = YES;
				CLANG_ENABLE_OBJC_ARC = YES;
				CLANG_WARN_BOOL_CONVERSION = YES;
				CLANG_WARN_CONSTANT_CONVERSION = YES;
				CLANG_WARN_DIRECT_OBJC_ISA_USAGE = YES_ERROR;
				CLANG_WARN_EMPTY_BODY = YES;
				CLANG_WARN_ENUM_CONVERSION = YES;
				CLANG_WARN_INT_CONVERSION = YES;
				CLANG_WARN_OBJC_ROOT_CLASS = YES_ERROR;
				CLANG_WARN_UNREACHABLE_CODE = YES;
				CLANG_WARN__DUPLICATE_METHOD_MATCH = YES;
				"CODE_SIGN_IDENTITY[sdk=iphoneos*]" = "iPhone Developer";
				COPY_PHASE_STRIP = NO;
				ENABLE_NS_ASSERTIONS = NO;
				ENABLE_STRICT_OBJC_MSGSEND = YES;
				GCC_C_LANGUAGE_STANDARD = gnu99;
				GCC_WARN_64_TO_32_BIT_CONVERSION = YES;
				GCC_WARN_ABOUT_RETURN_TYPE = YES_ERROR;
				GCC_WARN_UNDECLARED_SELECTOR = YES;
				GCC_WARN_UNINITIALIZED_AUTOS = YES_AGGRESSIVE;
				GCC_WARN_UNUSED_FUNCTION = YES;
				GCC_WARN_UNUSED_VARIABLE = YES;
				IPHONEOS_DEPLOYMENT_TARGET = 8.2;
				MTL_ENABLE_DEBUG_INFO = NO;
				SDKROOT = iphoneos;
				TARGETED_DEVICE_FAMILY = "1,2";
				VALIDATE_PRODUCT = YES;
			};
			name = Release;
		};
		3F808CD01ABDFABF000CB5F2 /* Debug */ = {
			isa = XCBuildConfiguration;
			buildSettings = {
				ASSETCATALOG_COMPILER_APPICON_NAME = AppIcon;
				CLANG_ENABLE_MODULES = YES;
				FRAMEWORK_SEARCH_PATHS = (
					"$(inherited)",
					"$(PROJECT_DIR)/lib/parse",
				);
				INFOPLIST_FILE = Slug/Info.plist;
				LD_RUNPATH_SEARCH_PATHS = "$(inherited) @executable_path/Frameworks";
				PRODUCT_NAME = "$(TARGET_NAME)";
				SWIFT_OPTIMIZATION_LEVEL = "-Onone";
			};
			name = Debug;
		};
		3F808CD11ABDFABF000CB5F2 /* Release */ = {
			isa = XCBuildConfiguration;
			buildSettings = {
				ASSETCATALOG_COMPILER_APPICON_NAME = AppIcon;
				CLANG_ENABLE_MODULES = YES;
				FRAMEWORK_SEARCH_PATHS = (
					"$(inherited)",
					"$(PROJECT_DIR)/lib/parse",
				);
				INFOPLIST_FILE = Slug/Info.plist;
				LD_RUNPATH_SEARCH_PATHS = "$(inherited) @executable_path/Frameworks";
				PRODUCT_NAME = "$(TARGET_NAME)";
			};
			name = Release;
		};
		3F808CD31ABDFABF000CB5F2 /* Debug */ = {
			isa = XCBuildConfiguration;
			buildSettings = {
				BUNDLE_LOADER = "$(TEST_HOST)";
				FRAMEWORK_SEARCH_PATHS = (
					"$(SDKROOT)/Developer/Library/Frameworks",
					"$(inherited)",
					"$(PROJECT_DIR)/lib/parse",
				);
				GCC_PREPROCESSOR_DEFINITIONS = (
					"DEBUG=1",
					"$(inherited)",
				);
				INFOPLIST_FILE = SlugTests/Info.plist;
				LD_RUNPATH_SEARCH_PATHS = "$(inherited) @executable_path/Frameworks @loader_path/Frameworks";
				PRODUCT_NAME = "$(TARGET_NAME)";
				TEST_HOST = "$(BUILT_PRODUCTS_DIR)/Slug.app/Slug";
			};
			name = Debug;
		};
		3F808CD41ABDFABF000CB5F2 /* Release */ = {
			isa = XCBuildConfiguration;
			buildSettings = {
				BUNDLE_LOADER = "$(TEST_HOST)";
				FRAMEWORK_SEARCH_PATHS = (
					"$(SDKROOT)/Developer/Library/Frameworks",
					"$(inherited)",
					"$(PROJECT_DIR)/lib/parse",
				);
				INFOPLIST_FILE = SlugTests/Info.plist;
				LD_RUNPATH_SEARCH_PATHS = "$(inherited) @executable_path/Frameworks @loader_path/Frameworks";
				PRODUCT_NAME = "$(TARGET_NAME)";
				TEST_HOST = "$(BUILT_PRODUCTS_DIR)/Slug.app/Slug";
			};
			name = Release;
		};
/* End XCBuildConfiguration section */

/* Begin XCConfigurationList section */
		3F808CAB1ABDFABF000CB5F2 /* Build configuration list for PBXProject "Slug" */ = {
			isa = XCConfigurationList;
			buildConfigurations = (
				3F808CCD1ABDFABF000CB5F2 /* Debug */,
				3F808CCE1ABDFABF000CB5F2 /* Release */,
			);
			defaultConfigurationIsVisible = 0;
			defaultConfigurationName = Release;
		};
		3F808CCF1ABDFABF000CB5F2 /* Build configuration list for PBXNativeTarget "Slug" */ = {
			isa = XCConfigurationList;
			buildConfigurations = (
				3F808CD01ABDFABF000CB5F2 /* Debug */,
				3F808CD11ABDFABF000CB5F2 /* Release */,
			);
			defaultConfigurationIsVisible = 0;
			defaultConfigurationName = Release;
		};
		3F808CD21ABDFABF000CB5F2 /* Build configuration list for PBXNativeTarget "SlugTests" */ = {
			isa = XCConfigurationList;
			buildConfigurations = (
				3F808CD31ABDFABF000CB5F2 /* Debug */,
				3F808CD41ABDFABF000CB5F2 /* Release */,
			);
			defaultConfigurationIsVisible = 0;
			defaultConfigurationName = Release;
		};
/* End XCConfigurationList section */
	};
	rootObject = 3F808CA81ABDFABF000CB5F2 /* Project object */;
}
